{
  "name": "lottery",
  "version": "1.0.0",
  "lockfileVersion": 1,
  "requires": true,
  "dependencies": {
    "assertion-error": {
      "version": "1.1.0",
      "resolved": "https://registry.npmjs.org/assertion-error/-/assertion-error-1.1.0.tgz",
      "integrity": "sha512-jgsaNduz+ndvGyFt3uSuWqvy4lCnIJiovtouQN5JZHOKCS2QuhEdbcQHFhVksz2N2U9hXJo8odG7ETyWlEeuDw=="
    },
    "truffle-assertions": {
      "version": "0.8.2",
      "resolved": "https://registry.npmjs.org/truffle-assertions/-/truffle-assertions-0.8.2.tgz",
      "integrity": "sha512-WpUlGMsttkNHuIRYk7Th3I/4d2TeCxDhQI2ZiY+poI8dtfii4seIMXATB9aQLHU+uHAKWxpRJcTzZzm2zl/JnA==",
      "requires": {
        "assertion-error": "^1.1.0"
      }
    }
  }
}
